// !$*UTF8*$!
{
	archiveVersion = 1;
	classes = {
	};
	objectVersion = 46;
	objects = {

/* Begin PBXBuildFile section */
		E91DCCE1196C15610002E931 /* PlayerDetailTableViewController.m in Sources */ = {isa = PBXBuildFile; fileRef = E91DCCE0196C15610002E931 /* PlayerDetailTableViewController.m */; };
		E91DCCFD196C20EE0002E931 /* MediaPlayer.framework in Frameworks */ = {isa = PBXBuildFile; fileRef = E91DCCFC196C20EE0002E931 /* MediaPlayer.framework */; };
		E91DCD00196C21050002E931 /* MediaViewController.m in Sources */ = {isa = PBXBuildFile; fileRef = E91DCCFF196C21050002E931 /* MediaViewController.m */; };
		E91DCD03196C29040002E931 /* PlayerTableViewCell.m in Sources */ = {isa = PBXBuildFile; fileRef = E91DCD02196C29040002E931 /* PlayerTableViewCell.m */; };
		E91DCD06196C323E0002E931 /* MainModel.m in Sources */ = {isa = PBXBuildFile; fileRef = E91DCD05196C323E0002E931 /* MainModel.m */; };
		E91DCD09196C3B330002E931 /* addTeamViewController.m in Sources */ = {isa = PBXBuildFile; fileRef = E91DCD08196C3B330002E931 /* addTeamViewController.m */; };
		E93FD9A4196E825E008BC857 /* BrandonBass.png in Resources */ = {isa = PBXBuildFile; fileRef = E93FD99F196E825E008BC857 /* BrandonBass.png */; };
		E93FD9A5196E825E008BC857 /* KeithBogans.png in Resources */ = {isa = PBXBuildFile; fileRef = E93FD9A0196E825E008BC857 /* KeithBogans.png */; };
		E93FD9A7196E825E008BC857 /* JoelAnthony.png in Resources */ = {isa = PBXBuildFile; fileRef = E93FD9A2196E825E008BC857 /* JoelAnthony.png */; };
		E93FD9A8196E825E008BC857 /* JerrydBayless.png in Resources */ = {isa = PBXBuildFile; fileRef = E93FD9A3196E825E008BC857 /* JerrydBayless.png */; };
		E93FD9AA196E8277008BC857 /* ChrisBabb.png in Resources */ = {isa = PBXBuildFile; fileRef = E93FD9A9196E8277008BC857 /* ChrisBabb.png */; };
		E93FD9B0196E8318008BC857 /* KevinGarnett.png in Resources */ = {isa = PBXBuildFile; fileRef = E93FD9AB196E8318008BC857 /* KevinGarnett.png */; };
		E93FD9B1196E8318008BC857 /* AndrayBlatche.png in Resources */ = {isa = PBXBuildFile; fileRef = E93FD9AC196E8318008BC857 /* AndrayBlatche.png */; };
		E93FD9B2196E8318008BC857 /* MarkelBrown.png in Resources */ = {isa = PBXBuildFile; fileRef = E93FD9AD196E8318008BC857 /* MarkelBrown.png */; };
		E93FD9B3196E8318008BC857 /* AlanAnderson.png in Resources */ = {isa = PBXBuildFile; fileRef = E93FD9AE196E8318008BC857 /* AlanAnderson.png */; };
		E93FD9B4196E8318008BC857 /* JasonCollins.png in Resources */ = {isa = PBXBuildFile; fileRef = E93FD9AF196E8318008BC857 /* JasonCollins.png */; };
		E93FD9BB196E84AC008BC857 /* AndreaBargnani.png in Resources */ = {isa = PBXBuildFile; fileRef = E93FD9B6196E84AC008BC857 /* AndreaBargnani.png */; };
		E93FD9BC196E84AC008BC857 /* ThanasisAntetokounmpo.png in Resources */ = {isa = PBXBuildFile; fileRef = E93FD9B7196E84AC008BC857 /* ThanasisAntetokounmpo.png */; };
		E93FD9BD196E84AC008BC857 /* CarmeloAnthony.png in Resources */ = {isa = PBXBuildFile; fileRef = E93FD9B8196E84AC008BC857 /* CarmeloAnthony.png */; };
		E93FD9BE196E84AC008BC857 /* ShannonBrown.png in Resources */ = {isa = PBXBuildFile; fileRef = E93FD9B9196E84AC008BC857 /* ShannonBrown.png */; };
		E93FD9BF196E84AC008BC857 /* ColeAldrich.png in Resources */ = {isa = PBXBuildFile; fileRef = E93FD9BA196E84AC008BC857 /* ColeAldrich.png */; };
		E93FD9C9196E8674008BC857 /* JamesAnderson.png in Resources */ = {isa = PBXBuildFile; fileRef = E93FD9C4196E8674008BC857 /* JamesAnderson.png */; };
		E93FD9CA196E8674008BC857 /* ArnettMoultrie.png in Resources */ = {isa = PBXBuildFile; fileRef = E93FD9C5196E8674008BC857 /* ArnettMoultrie.png */; };
		E93FD9CB196E8674008BC857 /* MichaelCarter-Williams.png in Resources */ = {isa = PBXBuildFile; fileRef = E93FD9C6196E8674008BC857 /* MichaelCarter-Williams.png */; };
		E93FD9CC196E8674008BC857 /* BrandonDavies.png in Resources */ = {isa = PBXBuildFile; fileRef = E93FD9C7196E8674008BC857 /* BrandonDavies.png */; };
		E93FD9CD196E8674008BC857 /* ByronMullens.png in Resources */ = {isa = PBXBuildFile; fileRef = E93FD9C8196E8674008BC857 /* ByronMullens.png */; };
		E93FD9D7196E8851008BC857 /* ChuckHayes.png in Resources */ = {isa = PBXBuildFile; fileRef = E93FD9D1196E8851008BC857 /* ChuckHayes.png */; };
		E93FD9D8196E8851008BC857 /* DwightBuycks.png in Resources */ = {isa = PBXBuildFile; fileRef = E93FD9D2196E8851008BC857 /* DwightBuycks.png */; };
		E93FD9D9196E8851008BC857 /* DeMarDeRozan.png in Resources */ = {isa = PBXBuildFile; fileRef = E93FD9D3196E8851008BC857 /* DeMarDeRozan.png */; };
		E93FD9DA196E8851008BC857 /* NandoDeColo.png in Resources */ = {isa = PBXBuildFile; fileRef = E93FD9D4196E8851008BC857 /* NandoDeColo.png */; };
		E93FD9DC196E8851008BC857 /* LandryFields.png in Resources */ = {isa = PBXBuildFile; fileRef = E93FD9D6196E8851008BC857 /* LandryFields.png */; };
		E950C6F8196AF3EE00DEBED7 /* Foundation.framework in Frameworks */ = {isa = PBXBuildFile; fileRef = E950C6F7196AF3EE00DEBED7 /* Foundation.framework */; };
		E950C6FA196AF3EE00DEBED7 /* CoreGraphics.framework in Frameworks */ = {isa = PBXBuildFile; fileRef = E950C6F9196AF3EE00DEBED7 /* CoreGraphics.framework */; };
		E950C6FC196AF3EE00DEBED7 /* UIKit.framework in Frameworks */ = {isa = PBXBuildFile; fileRef = E950C6FB196AF3EE00DEBED7 /* UIKit.framework */; };
		E950C702196AF3EE00DEBED7 /* InfoPlist.strings in Resources */ = {isa = PBXBuildFile; fileRef = E950C700196AF3EE00DEBED7 /* InfoPlist.strings */; };
		E950C704196AF3EE00DEBED7 /* main.m in Sources */ = {isa = PBXBuildFile; fileRef = E950C703196AF3EE00DEBED7 /* main.m */; };
		E950C708196AF3EE00DEBED7 /* AppDelegate.m in Sources */ = {isa = PBXBuildFile; fileRef = E950C707196AF3EE00DEBED7 /* AppDelegate.m */; };
		E950C70B196AF3EE00DEBED7 /* Main.storyboard in Resources */ = {isa = PBXBuildFile; fileRef = E950C709196AF3EE00DEBED7 /* Main.storyboard */; };
		E950C70E196AF3EE00DEBED7 /* ViewController.m in Sources */ = {isa = PBXBuildFile; fileRef = E950C70D196AF3EE00DEBED7 /* ViewController.m */; };
		E950C710196AF3EE00DEBED7 /* Images.xcassets in Resources */ = {isa = PBXBuildFile; fileRef = E950C70F196AF3EE00DEBED7 /* Images.xcassets */; };
		E950C717196AF3EE00DEBED7 /* XCTest.framework in Frameworks */ = {isa = PBXBuildFile; fileRef = E950C716196AF3EE00DEBED7 /* XCTest.framework */; };
		E950C718196AF3EE00DEBED7 /* Foundation.framework in Frameworks */ = {isa = PBXBuildFile; fileRef = E950C6F7196AF3EE00DEBED7 /* Foundation.framework */; };
		E950C719196AF3EE00DEBED7 /* UIKit.framework in Frameworks */ = {isa = PBXBuildFile; fileRef = E950C6FB196AF3EE00DEBED7 /* UIKit.framework */; };
		E950C721196AF3EE00DEBED7 /* InfoPlist.strings in Resources */ = {isa = PBXBuildFile; fileRef = E950C71F196AF3EE00DEBED7 /* InfoPlist.strings */; };
		E950C723196AF3EE00DEBED7 /* StoryTests.m in Sources */ = {isa = PBXBuildFile; fileRef = E950C722196AF3EE00DEBED7 /* StoryTests.m */; };
		E950C771196BE8B700DEBED7 /* 1404827489_icon-play.png in Resources */ = {isa = PBXBuildFile; fileRef = E950C76F196BE8B700DEBED7 /* 1404827489_icon-play.png */; };
		E950C772196BE8B700DEBED7 /* 1404827508_basketball.png in Resources */ = {isa = PBXBuildFile; fileRef = E950C770196BE8B700DEBED7 /* 1404827508_basketball.png */; };
		E950C775196BE9E100DEBED7 /* TeamsTableViewController.m in Sources */ = {isa = PBXBuildFile; fileRef = E950C774196BE9E100DEBED7 /* TeamsTableViewController.m */; };
		E950C778196BEB9000DEBED7 /* teams.plist in Resources */ = {isa = PBXBuildFile; fileRef = E950C777196BEB9000DEBED7 /* teams.plist */; };
		E950C780196BFBAC00DEBED7 /* PlayersTableViewController.m in Sources */ = {isa = PBXBuildFile; fileRef = E950C77F196BFBAC00DEBED7 /* PlayersTableViewController.m */; };
		E996AA3E196D232100713ECC /* PlayerModel.m in Sources */ = {isa = PBXBuildFile; fileRef = E996AA3D196D232100713ECC /* PlayerModel.m */; };
		E996AA41196D5E8200713ECC /* TeamModel.m in Sources */ = {isa = PBXBuildFile; fileRef = E996AA40196D5E8200713ECC /* TeamModel.m */; };
		E9D7F54B196D713A004DF444 /* Plus-png.png in Resources */ = {isa = PBXBuildFile; fileRef = E9D7F54A196D713A004DF444 /* Plus-png.png */; };
/* End PBXBuildFile section */

/* Begin PBXContainerItemProxy section */
		E950C71A196AF3EE00DEBED7 /* PBXContainerItemProxy */ = {
			isa = PBXContainerItemProxy;
			containerPortal = E950C6EC196AF3EE00DEBED7 /* Project object */;
			proxyType = 1;
			remoteGlobalIDString = E950C6F3196AF3EE00DEBED7;
			remoteInfo = Story;
		};
/* End PBXContainerItemProxy section */

/* Begin PBXFileReference section */
		E91DCCDF196C15610002E931 /* PlayerDetailTableViewController.h */ = {isa = PBXFileReference; fileEncoding = 4; lastKnownFileType = sourcecode.c.h; path = PlayerDetailTableViewController.h; sourceTree = "<group>"; };
		E91DCCE0196C15610002E931 /* PlayerDetailTableViewController.m */ = {isa = PBXFileReference; fileEncoding = 4; lastKnownFileType = sourcecode.c.objc; path = PlayerDetailTableViewController.m; sourceTree = "<group>"; };
		E91DCCFC196C20EE0002E931 /* MediaPlayer.framework */ = {isa = PBXFileReference; lastKnownFileType = wrapper.framework; name = MediaPlayer.framework; path = System/Library/Frameworks/MediaPlayer.framework; sourceTree = SDKROOT; };
		E91DCCFE196C21040002E931 /* MediaViewController.h */ = {isa = PBXFileReference; fileEncoding = 4; lastKnownFileType = sourcecode.c.h; path = MediaViewController.h; sourceTree = "<group>"; };
		E91DCCFF196C21050002E931 /* MediaViewController.m */ = {isa = PBXFileReference; fileEncoding = 4; lastKnownFileType = sourcecode.c.objc; path = MediaViewController.m; sourceTree = "<group>"; };
		E91DCD01196C29040002E931 /* PlayerTableViewCell.h */ = {isa = PBXFileReference; fileEncoding = 4; lastKnownFileType = sourcecode.c.h; path = PlayerTableViewCell.h; sourceTree = "<group>"; };
		E91DCD02196C29040002E931 /* PlayerTableViewCell.m */ = {isa = PBXFileReference; fileEncoding = 4; lastKnownFileType = sourcecode.c.objc; path = PlayerTableViewCell.m; sourceTree = "<group>"; };
		E91DCD04196C323E0002E931 /* MainModel.h */ = {isa = PBXFileReference; fileEncoding = 4; lastKnownFileType = sourcecode.c.h; path = MainModel.h; sourceTree = "<group>"; };
		E91DCD05196C323E0002E931 /* MainModel.m */ = {isa = PBXFileReference; fileEncoding = 4; lastKnownFileType = sourcecode.c.objc; path = MainModel.m; sourceTree = "<group>"; };
		E91DCD07196C3B330002E931 /* addTeamViewController.h */ = {isa = PBXFileReference; fileEncoding = 4; lastKnownFileType = sourcecode.c.h; name = addTeamViewController.h; path = Story/addTeamViewController.h; sourceTree = "<group>"; };
		E91DCD08196C3B330002E931 /* addTeamViewController.m */ = {isa = PBXFileReference; fileEncoding = 4; lastKnownFileType = sourcecode.c.objc; name = addTeamViewController.m; path = Story/addTeamViewController.m; sourceTree = "<group>"; };
		E93FD99F196E825E008BC857 /* BrandonBass.png */ = {isa = PBXFileReference; lastKnownFileType = image.png; path = BrandonBass.png; sourceTree = "<group>"; };
		E93FD9A0196E825E008BC857 /* KeithBogans.png */ = {isa = PBXFileReference; lastKnownFileType = image.png; path = KeithBogans.png; sourceTree = "<group>"; };
		E93FD9A2196E825E008BC857 /* JoelAnthony.png */ = {isa = PBXFileReference; lastKnownFileType = image.png; path = JoelAnthony.png; sourceTree = "<group>"; };
		E93FD9A3196E825E008BC857 /* JerrydBayless.png */ = {isa = PBXFileReference; lastKnownFileType = image.png; path = JerrydBayless.png; sourceTree = "<group>"; };
		E93FD9A9196E8277008BC857 /* ChrisBabb.png */ = {isa = PBXFileReference; lastKnownFileType = image.png; path = ChrisBabb.png; sourceTree = "<group>"; };
		E93FD9AB196E8318008BC857 /* KevinGarnett.png */ = {isa = PBXFileReference; lastKnownFileType = image.png; path = KevinGarnett.png; sourceTree = "<group>"; };
		E93FD9AC196E8318008BC857 /* AndrayBlatche.png */ = {isa = PBXFileReference; lastKnownFileType = image.png; path = AndrayBlatche.png; sourceTree = "<group>"; };
		E93FD9AD196E8318008BC857 /* MarkelBrown.png */ = {isa = PBXFileReference; lastKnownFileType = image.png; path = MarkelBrown.png; sourceTree = "<group>"; };
		E93FD9AE196E8318008BC857 /* AlanAnderson.png */ = {isa = PBXFileReference; lastKnownFileType = image.png; path = AlanAnderson.png; sourceTree = "<group>"; };
		E93FD9AF196E8318008BC857 /* JasonCollins.png */ = {isa = PBXFileReference; lastKnownFileType = image.png; path = JasonCollins.png; sourceTree = "<group>"; };
		E93FD9B6196E84AC008BC857 /* AndreaBargnani.png */ = {isa = PBXFileReference; lastKnownFileType = image.png; path = AndreaBargnani.png; sourceTree = "<group>"; };
		E93FD9B7196E84AC008BC857 /* ThanasisAntetokounmpo.png */ = {isa = PBXFileReference; lastKnownFileType = image.png; path = ThanasisAntetokounmpo.png; sourceTree = "<group>"; };
		E93FD9B8196E84AC008BC857 /* CarmeloAnthony.png */ = {isa = PBXFileReference; lastKnownFileType = image.png; path = CarmeloAnthony.png; sourceTree = "<group>"; };
		E93FD9B9196E84AC008BC857 /* ShannonBrown.png */ = {isa = PBXFileReference; lastKnownFileType = image.png; path = ShannonBrown.png; sourceTree = "<group>"; };
		E93FD9BA196E84AC008BC857 /* ColeAldrich.png */ = {isa = PBXFileReference; lastKnownFileType = image.png; path = ColeAldrich.png; sourceTree = "<group>"; };
		E93FD9C4196E8674008BC857 /* JamesAnderson.png */ = {isa = PBXFileReference; lastKnownFileType = image.png; path = JamesAnderson.png; sourceTree = "<group>"; };
		E93FD9C5196E8674008BC857 /* ArnettMoultrie.png */ = {isa = PBXFileReference; lastKnownFileType = image.png; path = ArnettMoultrie.png; sourceTree = "<group>"; };
		E93FD9C6196E8674008BC857 /* MichaelCarter-Williams.png */ = {isa = PBXFileReference; lastKnownFileType = image.png; path = "MichaelCarter-Williams.png"; sourceTree = "<group>"; };
		E93FD9C7196E8674008BC857 /* BrandonDavies.png */ = {isa = PBXFileReference; lastKnownFileType = image.png; path = BrandonDavies.png; sourceTree = "<group>"; };
		E93FD9C8196E8674008BC857 /* ByronMullens.png */ = {isa = PBXFileReference; lastKnownFileType = image.png; path = ByronMullens.png; sourceTree = "<group>"; };
		E93FD9D1196E8851008BC857 /* ChuckHayes.png */ = {isa = PBXFileReference; lastKnownFileType = image.png; path = ChuckHayes.png; sourceTree = "<group>"; };
		E93FD9D2196E8851008BC857 /* DwightBuycks.png */ = {isa = PBXFileReference; lastKnownFileType = image.png; path = DwightBuycks.png; sourceTree = "<group>"; };
		E93FD9D3196E8851008BC857 /* DeMarDeRozan.png */ = {isa = PBXFileReference; lastKnownFileType = image.png; path = DeMarDeRozan.png; sourceTree = "<group>"; };
		E93FD9D4196E8851008BC857 /* NandoDeColo.png */ = {isa = PBXFileReference; lastKnownFileType = image.png; path = NandoDeColo.png; sourceTree = "<group>"; };
		E93FD9D6196E8851008BC857 /* LandryFields.png */ = {isa = PBXFileReference; lastKnownFileType = image.png; path = LandryFields.png; sourceTree = "<group>"; };
		E950C6F4196AF3EE00DEBED7 /* Story.app */ = {isa = PBXFileReference; explicitFileType = wrapper.application; includeInIndex = 0; path = Story.app; sourceTree = BUILT_PRODUCTS_DIR; };
		E950C6F7196AF3EE00DEBED7 /* Foundation.framework */ = {isa = PBXFileReference; lastKnownFileType = wrapper.framework; name = Foundation.framework; path = System/Library/Frameworks/Foundation.framework; sourceTree = SDKROOT; };
		E950C6F9196AF3EE00DEBED7 /* CoreGraphics.framework */ = {isa = PBXFileReference; lastKnownFileType = wrapper.framework; name = CoreGraphics.framework; path = System/Library/Frameworks/CoreGraphics.framework; sourceTree = SDKROOT; };
		E950C6FB196AF3EE00DEBED7 /* UIKit.framework */ = {isa = PBXFileReference; lastKnownFileType = wrapper.framework; name = UIKit.framework; path = System/Library/Frameworks/UIKit.framework; sourceTree = SDKROOT; };
		E950C6FF196AF3EE00DEBED7 /* Story-Info.plist */ = {isa = PBXFileReference; lastKnownFileType = text.plist.xml; path = "Story-Info.plist"; sourceTree = "<group>"; };
		E950C701196AF3EE00DEBED7 /* en */ = {isa = PBXFileReference; lastKnownFileType = text.plist.strings; name = en; path = en.lproj/InfoPlist.strings; sourceTree = "<group>"; };
		E950C703196AF3EE00DEBED7 /* main.m */ = {isa = PBXFileReference; lastKnownFileType = sourcecode.c.objc; path = main.m; sourceTree = "<group>"; };
		E950C705196AF3EE00DEBED7 /* Story-Prefix.pch */ = {isa = PBXFileReference; lastKnownFileType = sourcecode.c.h; path = "Story-Prefix.pch"; sourceTree = "<group>"; };
		E950C706196AF3EE00DEBED7 /* AppDelegate.h */ = {isa = PBXFileReference; lastKnownFileType = sourcecode.c.h; path = AppDelegate.h; sourceTree = "<group>"; };
		E950C707196AF3EE00DEBED7 /* AppDelegate.m */ = {isa = PBXFileReference; lastKnownFileType = sourcecode.c.objc; path = AppDelegate.m; sourceTree = "<group>"; };
		E950C70A196AF3EE00DEBED7 /* Base */ = {isa = PBXFileReference; lastKnownFileType = file.storyboard; name = Base; path = Base.lproj/Main.storyboard; sourceTree = "<group>"; };
		E950C70C196AF3EE00DEBED7 /* ViewController.h */ = {isa = PBXFileReference; lastKnownFileType = sourcecode.c.h; path = ViewController.h; sourceTree = "<group>"; };
		E950C70D196AF3EE00DEBED7 /* ViewController.m */ = {isa = PBXFileReference; lastKnownFileType = sourcecode.c.objc; path = ViewController.m; sourceTree = "<group>"; };
		E950C70F196AF3EE00DEBED7 /* Images.xcassets */ = {isa = PBXFileReference; lastKnownFileType = folder.assetcatalog; path = Images.xcassets; sourceTree = "<group>"; };
		E950C715196AF3EE00DEBED7 /* StoryTests.xctest */ = {isa = PBXFileReference; explicitFileType = wrapper.cfbundle; includeInIndex = 0; path = StoryTests.xctest; sourceTree = BUILT_PRODUCTS_DIR; };
		E950C716196AF3EE00DEBED7 /* XCTest.framework */ = {isa = PBXFileReference; lastKnownFileType = wrapper.framework; name = XCTest.framework; path = Library/Frameworks/XCTest.framework; sourceTree = DEVELOPER_DIR; };
		E950C71E196AF3EE00DEBED7 /* StoryTests-Info.plist */ = {isa = PBXFileReference; lastKnownFileType = text.plist.xml; path = "StoryTests-Info.plist"; sourceTree = "<group>"; };
		E950C720196AF3EE00DEBED7 /* en */ = {isa = PBXFileReference; lastKnownFileType = text.plist.strings; name = en; path = en.lproj/InfoPlist.strings; sourceTree = "<group>"; };
		E950C722196AF3EE00DEBED7 /* StoryTests.m */ = {isa = PBXFileReference; lastKnownFileType = sourcecode.c.objc; path = StoryTests.m; sourceTree = "<group>"; };
		E950C76F196BE8B700DEBED7 /* 1404827489_icon-play.png */ = {isa = PBXFileReference; lastKnownFileType = image.png; path = "1404827489_icon-play.png"; sourceTree = "<group>"; };
		E950C770196BE8B700DEBED7 /* 1404827508_basketball.png */ = {isa = PBXFileReference; lastKnownFileType = image.png; path = 1404827508_basketball.png; sourceTree = "<group>"; };
		E950C773196BE9E100DEBED7 /* TeamsTableViewController.h */ = {isa = PBXFileReference; fileEncoding = 4; lastKnownFileType = sourcecode.c.h; name = TeamsTableViewController.h; path = Story/TeamsTableViewController.h; sourceTree = "<group>"; };
		E950C774196BE9E100DEBED7 /* TeamsTableViewController.m */ = {isa = PBXFileReference; fileEncoding = 4; lastKnownFileType = sourcecode.c.objc; name = TeamsTableViewController.m; path = Story/TeamsTableViewController.m; sourceTree = "<group>"; };
		E950C777196BEB9000DEBED7 /* teams.plist */ = {isa = PBXFileReference; fileEncoding = 4; lastKnownFileType = text.plist.xml; name = teams.plist; path = ../teams.plist; sourceTree = "<group>"; };
		E950C77E196BFBAC00DEBED7 /* PlayersTableViewController.h */ = {isa = PBXFileReference; fileEncoding = 4; lastKnownFileType = sourcecode.c.h; path = PlayersTableViewController.h; sourceTree = "<group>"; };
		E950C77F196BFBAC00DEBED7 /* PlayersTableViewController.m */ = {isa = PBXFileReference; fileEncoding = 4; lastKnownFileType = sourcecode.c.objc; path = PlayersTableViewController.m; sourceTree = "<group>"; };
		E996AA3C196D232100713ECC /* PlayerModel.h */ = {isa = PBXFileReference; fileEncoding = 4; lastKnownFileType = sourcecode.c.h; path = PlayerModel.h; sourceTree = "<group>"; };
		E996AA3D196D232100713ECC /* PlayerModel.m */ = {isa = PBXFileReference; fileEncoding = 4; lastKnownFileType = sourcecode.c.objc; path = PlayerModel.m; sourceTree = "<group>"; };
		E996AA3F196D5E8200713ECC /* TeamModel.h */ = {isa = PBXFileReference; fileEncoding = 4; lastKnownFileType = sourcecode.c.h; name = TeamModel.h; path = Story/TeamModel.h; sourceTree = "<group>"; };
		E996AA40196D5E8200713ECC /* TeamModel.m */ = {isa = PBXFileReference; fileEncoding = 4; lastKnownFileType = sourcecode.c.objc; name = TeamModel.m; path = Story/TeamModel.m; sourceTree = "<group>"; };
		E9D7F54A196D713A004DF444 /* Plus-png.png */ = {isa = PBXFileReference; lastKnownFileType = image.png; path = "Plus-png.png"; sourceTree = "<group>"; };
/* End PBXFileReference section */

/* Begin PBXFrameworksBuildPhase section */
		E950C6F1196AF3EE00DEBED7 /* Frameworks */ = {
			isa = PBXFrameworksBuildPhase;
			buildActionMask = 2147483647;
			files = (
				E91DCCFD196C20EE0002E931 /* MediaPlayer.framework in Frameworks */,
				E950C6FA196AF3EE00DEBED7 /* CoreGraphics.framework in Frameworks */,
				E950C6FC196AF3EE00DEBED7 /* UIKit.framework in Frameworks */,
				E950C6F8196AF3EE00DEBED7 /* Foundation.framework in Frameworks */,
			);
			runOnlyForDeploymentPostprocessing = 0;
		};
		E950C712196AF3EE00DEBED7 /* Frameworks */ = {
			isa = PBXFrameworksBuildPhase;
			buildActionMask = 2147483647;
			files = (
				E950C717196AF3EE00DEBED7 /* XCTest.framework in Frameworks */,
				E950C719196AF3EE00DEBED7 /* UIKit.framework in Frameworks */,
				E950C718196AF3EE00DEBED7 /* Foundation.framework in Frameworks */,
			);
			runOnlyForDeploymentPostprocessing = 0;
		};
/* End PBXFrameworksBuildPhase section */

/* Begin PBXGroup section */
		E91DCCEE196C197C0002E931 /* Boston */ = {
			isa = PBXGroup;
			children = (
				E93FD9A9196E8277008BC857 /* ChrisBabb.png */,
				E93FD99F196E825E008BC857 /* BrandonBass.png */,
				E93FD9A0196E825E008BC857 /* KeithBogans.png */,
				E93FD9A2196E825E008BC857 /* JoelAnthony.png */,
				E93FD9A3196E825E008BC857 /* JerrydBayless.png */,
			);
			name = Boston;
			sourceTree = "<group>";
		};
		E91DCCEF196C1AAD0002E931 /* Brooklyn */ = {
			isa = PBXGroup;
			children = (
				E93FD9AB196E8318008BC857 /* KevinGarnett.png */,
				E93FD9AC196E8318008BC857 /* AndrayBlatche.png */,
				E93FD9AD196E8318008BC857 /* MarkelBrown.png */,
				E93FD9AE196E8318008BC857 /* AlanAnderson.png */,
				E93FD9AF196E8318008BC857 /* JasonCollins.png */,
			);
			name = Brooklyn;
			sourceTree = "<group>";
		};
		E93FD9B5196E833B008BC857 /* New York */ = {
			isa = PBXGroup;
			children = (
				E93FD9B6196E84AC008BC857 /* AndreaBargnani.png */,
				E93FD9B7196E84AC008BC857 /* ThanasisAntetokounmpo.png */,
				E93FD9B8196E84AC008BC857 /* CarmeloAnthony.png */,
				E93FD9B9196E84AC008BC857 /* ShannonBrown.png */,
				E93FD9BA196E84AC008BC857 /* ColeAldrich.png */,
			);
			name = "New York";
			sourceTree = "<group>";
		};
		E93FD9C3196E866C008BC857 /* Philadelphia */ = {
			isa = PBXGroup;
			children = (
				E93FD9C4196E8674008BC857 /* JamesAnderson.png */,
				E93FD9C5196E8674008BC857 /* ArnettMoultrie.png */,
				E93FD9C6196E8674008BC857 /* MichaelCarter-Williams.png */,
				E93FD9C7196E8674008BC857 /* BrandonDavies.png */,
				E93FD9C8196E8674008BC857 /* ByronMullens.png */,
			);
			name = Philadelphia;
			sourceTree = "<group>";
		};
		E93FD9D0196E8848008BC857 /* Toronto */ = {
			isa = PBXGroup;
			children = (
				E93FD9D1196E8851008BC857 /* ChuckHayes.png */,
				E93FD9D2196E8851008BC857 /* DwightBuycks.png */,
				E93FD9D3196E8851008BC857 /* DeMarDeRozan.png */,
				E93FD9D4196E8851008BC857 /* NandoDeColo.png */,
				E93FD9D6196E8851008BC857 /* LandryFields.png */,
			);
			name = Toronto;
			sourceTree = "<group>";
		};
		E950C6EB196AF3EE00DEBED7 = {
			isa = PBXGroup;
			children = (
				E950C6FD196AF3EE00DEBED7 /* Story */,
				E950C71C196AF3EE00DEBED7 /* StoryTests */,
				E950C6F6196AF3EE00DEBED7 /* Frameworks */,
				E950C6F5196AF3EE00DEBED7 /* Products */,
				E950C776196BE9F400DEBED7 /* UIControls */,
			);
			sourceTree = "<group>";
		};
		E950C6F5196AF3EE00DEBED7 /* Products */ = {
			isa = PBXGroup;
			children = (
				E950C6F4196AF3EE00DEBED7 /* Story.app */,
				E950C715196AF3EE00DEBED7 /* StoryTests.xctest */,
			);
			name = Products;
			sourceTree = "<group>";
		};
		E950C6F6196AF3EE00DEBED7 /* Frameworks */ = {
			isa = PBXGroup;
			children = (
				E91DCCFC196C20EE0002E931 /* MediaPlayer.framework */,
				E950C6F7196AF3EE00DEBED7 /* Foundation.framework */,
				E950C6F9196AF3EE00DEBED7 /* CoreGraphics.framework */,
				E950C6FB196AF3EE00DEBED7 /* UIKit.framework */,
				E950C716196AF3EE00DEBED7 /* XCTest.framework */,
			);
			name = Frameworks;
			sourceTree = "<group>";
		};
		E950C6FD196AF3EE00DEBED7 /* Story */ = {
			isa = PBXGroup;
			children = (
				E950C706196AF3EE00DEBED7 /* AppDelegate.h */,
				E950C707196AF3EE00DEBED7 /* AppDelegate.m */,
				E950C709196AF3EE00DEBED7 /* Main.storyboard */,
				E91DCD01196C29040002E931 /* PlayerTableViewCell.h */,
				E91DCD02196C29040002E931 /* PlayerTableViewCell.m */,
				E950C70C196AF3EE00DEBED7 /* ViewController.h */,
				E950C70D196AF3EE00DEBED7 /* ViewController.m */,
				E950C70F196AF3EE00DEBED7 /* Images.xcassets */,
				E950C6FE196AF3EE00DEBED7 /* Supporting Files */,
			);
			path = Story;
			sourceTree = "<group>";
		};
		E950C6FE196AF3EE00DEBED7 /* Supporting Files */ = {
			isa = PBXGroup;
			children = (
				E950C76E196BE83300DEBED7 /* Images */,
				E950C6FF196AF3EE00DEBED7 /* Story-Info.plist */,
				E950C700196AF3EE00DEBED7 /* InfoPlist.strings */,
				E950C703196AF3EE00DEBED7 /* main.m */,
				E950C705196AF3EE00DEBED7 /* Story-Prefix.pch */,
				E950C777196BEB9000DEBED7 /* teams.plist */,
			);
			name = "Supporting Files";
			sourceTree = "<group>";
		};
		E950C71C196AF3EE00DEBED7 /* StoryTests */ = {
			isa = PBXGroup;
			children = (
				E950C722196AF3EE00DEBED7 /* StoryTests.m */,
				E950C71D196AF3EE00DEBED7 /* Supporting Files */,
			);
			path = StoryTests;
			sourceTree = "<group>";
		};
		E950C71D196AF3EE00DEBED7 /* Supporting Files */ = {
			isa = PBXGroup;
			children = (
				E950C71E196AF3EE00DEBED7 /* StoryTests-Info.plist */,
				E950C71F196AF3EE00DEBED7 /* InfoPlist.strings */,
			);
			name = "Supporting Files";
			sourceTree = "<group>";
		};
		E950C76E196BE83300DEBED7 /* Images */ = {
			isa = PBXGroup;
			children = (
				E93FD9D0196E8848008BC857 /* Toronto */,
				E93FD9C3196E866C008BC857 /* Philadelphia */,
				E93FD9B5196E833B008BC857 /* New York */,
				E91DCCEE196C197C0002E931 /* Boston */,
				E91DCCEF196C1AAD0002E931 /* Brooklyn */,
				E950C76F196BE8B700DEBED7 /* 1404827489_icon-play.png */,
				E950C770196BE8B700DEBED7 /* 1404827508_basketball.png */,
				E9D7F54A196D713A004DF444 /* Plus-png.png */,
			);
			name = Images;
			sourceTree = "<group>";
		};
		E950C776196BE9F400DEBED7 /* UIControls */ = {
			isa = PBXGroup;
			children = (
				E996AA3C196D232100713ECC /* PlayerModel.h */,
				E996AA3D196D232100713ECC /* PlayerModel.m */,
				E91DCD04196C323E0002E931 /* MainModel.h */,
				E91DCD05196C323E0002E931 /* MainModel.m */,
				E996AA3F196D5E8200713ECC /* TeamModel.h */,
				E996AA40196D5E8200713ECC /* TeamModel.m */,
				E91DCCFE196C21040002E931 /* MediaViewController.h */,
				E91DCCFF196C21050002E931 /* MediaViewController.m */,
				E950C773196BE9E100DEBED7 /* TeamsTableViewController.h */,
				E950C774196BE9E100DEBED7 /* TeamsTableViewController.m */,
				E950C77E196BFBAC00DEBED7 /* PlayersTableViewController.h */,
				E950C77F196BFBAC00DEBED7 /* PlayersTableViewController.m */,
				E91DCCDF196C15610002E931 /* PlayerDetailTableViewController.h */,
				E91DCCE0196C15610002E931 /* PlayerDetailTableViewController.m */,
				E91DCD07196C3B330002E931 /* addTeamViewController.h */,
				E91DCD08196C3B330002E931 /* addTeamViewController.m */,
			);
			name = UIControls;
			sourceTree = "<group>";
		};
/* End PBXGroup section */

/* Begin PBXNativeTarget section */
		E950C6F3196AF3EE00DEBED7 /* Story */ = {
			isa = PBXNativeTarget;
			buildConfigurationList = E950C726196AF3EE00DEBED7 /* Build configuration list for PBXNativeTarget "Story" */;
			buildPhases = (
				E950C6F0196AF3EE00DEBED7 /* Sources */,
				E950C6F1196AF3EE00DEBED7 /* Frameworks */,
				E950C6F2196AF3EE00DEBED7 /* Resources */,
			);
			buildRules = (
			);
			dependencies = (
			);
			name = Story;
			productName = Story;
			productReference = E950C6F4196AF3EE00DEBED7 /* Story.app */;
			productType = "com.apple.product-type.application";
		};
		E950C714196AF3EE00DEBED7 /* StoryTests */ = {
			isa = PBXNativeTarget;
			buildConfigurationList = E950C729196AF3EE00DEBED7 /* Build configuration list for PBXNativeTarget "StoryTests" */;
			buildPhases = (
				E950C711196AF3EE00DEBED7 /* Sources */,
				E950C712196AF3EE00DEBED7 /* Frameworks */,
				E950C713196AF3EE00DEBED7 /* Resources */,
			);
			buildRules = (
			);
			dependencies = (
				E950C71B196AF3EE00DEBED7 /* PBXTargetDependency */,
			);
			name = StoryTests;
			productName = StoryTests;
			productReference = E950C715196AF3EE00DEBED7 /* StoryTests.xctest */;
			productType = "com.apple.product-type.bundle.unit-test";
		};
/* End PBXNativeTarget section */

/* Begin PBXProject section */
		E950C6EC196AF3EE00DEBED7 /* Project object */ = {
			isa = PBXProject;
			attributes = {
				LastUpgradeCheck = 0510;
				ORGANIZATIONNAME = "Roman Serga";
				TargetAttributes = {
					E950C714196AF3EE00DEBED7 = {
						TestTargetID = E950C6F3196AF3EE00DEBED7;
					};
				};
			};
			buildConfigurationList = E950C6EF196AF3EE00DEBED7 /* Build configuration list for PBXProject "Story" */;
			compatibilityVersion = "Xcode 3.2";
			developmentRegion = English;
			hasScannedForEncodings = 0;
			knownRegions = (
				en,
				Base,
			);
			mainGroup = E950C6EB196AF3EE00DEBED7;
			productRefGroup = E950C6F5196AF3EE00DEBED7 /* Products */;
			projectDirPath = "";
			projectRoot = "";
			targets = (
				E950C6F3196AF3EE00DEBED7 /* Story */,
				E950C714196AF3EE00DEBED7 /* StoryTests */,
			);
		};
/* End PBXProject section */

/* Begin PBXResourcesBuildPhase section */
		E950C6F2196AF3EE00DEBED7 /* Resources */ = {
			isa = PBXResourcesBuildPhase;
			buildActionMask = 2147483647;
			files = (
				E93FD9A5196E825E008BC857 /* KeithBogans.png in Resources */,
				E93FD9D8196E8851008BC857 /* DwightBuycks.png in Resources */,
				E93FD9BD196E84AC008BC857 /* CarmeloAnthony.png in Resources */,
				E93FD9CA196E8674008BC857 /* ArnettMoultrie.png in Resources */,
				E950C710196AF3EE00DEBED7 /* Images.xcassets in Resources */,
				E93FD9BC196E84AC008BC857 /* ThanasisAntetokounmpo.png in Resources */,
				E93FD9DC196E8851008BC857 /* LandryFields.png in Resources */,
				E950C772196BE8B700DEBED7 /* 1404827508_basketball.png in Resources */,
				E9D7F54B196D713A004DF444 /* Plus-png.png in Resources */,
				E93FD9D9196E8851008BC857 /* DeMarDeRozan.png in Resources */,
				E93FD9D7196E8851008BC857 /* ChuckHayes.png in Resources */,
				E93FD9AA196E8277008BC857 /* ChrisBabb.png in Resources */,
				E93FD9BB196E84AC008BC857 /* AndreaBargnani.png in Resources */,
				E93FD9B1196E8318008BC857 /* AndrayBlatche.png in Resources */,
				E93FD9A7196E825E008BC857 /* JoelAnthony.png in Resources */,
				E93FD9CC196E8674008BC857 /* BrandonDavies.png in Resources */,
				E950C771196BE8B700DEBED7 /* 1404827489_icon-play.png in Resources */,
				E93FD9A8196E825E008BC857 /* JerrydBayless.png in Resources */,
				E93FD9BE196E84AC008BC857 /* ShannonBrown.png in Resources */,
				E93FD9DA196E8851008BC857 /* NandoDeColo.png in Resources */,
				E950C778196BEB9000DEBED7 /* teams.plist in Resources */,
				E93FD9C9196E8674008BC857 /* JamesAnderson.png in Resources */,
				E950C702196AF3EE00DEBED7 /* InfoPlist.strings in Resources */,
				E93FD9CB196E8674008BC857 /* MichaelCarter-Williams.png in Resources */,
				E950C70B196AF3EE00DEBED7 /* Main.storyboard in Resources */,
				E93FD9CD196E8674008BC857 /* ByronMullens.png in Resources */,
				E93FD9A4196E825E008BC857 /* BrandonBass.png in Resources */,
				E93FD9B4196E8318008BC857 /* JasonCollins.png in Resources */,
				E93FD9BF196E84AC008BC857 /* ColeAldrich.png in Resources */,
				E93FD9B0196E8318008BC857 /* KevinGarnett.png in Resources */,
				E93FD9B2196E8318008BC857 /* MarkelBrown.png in Resources */,
				E93FD9B3196E8318008BC857 /* AlanAnderson.png in Resources */,
			);
			runOnlyForDeploymentPostprocessing = 0;
		};
		E950C713196AF3EE00DEBED7 /* Resources */ = {
			isa = PBXResourcesBuildPhase;
			buildActionMask = 2147483647;
			files = (
				E950C721196AF3EE00DEBED7 /* InfoPlist.strings in Resources */,
			);
			runOnlyForDeploymentPostprocessing = 0;
		};
/* End PBXResourcesBuildPhase section */

/* Begin PBXSourcesBuildPhase section */
		E950C6F0196AF3EE00DEBED7 /* Sources */ = {
			isa = PBXSourcesBuildPhase;
			buildActionMask = 2147483647;
			files = (
				E91DCD03196C29040002E931 /* PlayerTableViewCell.m in Sources */,
				E950C70E196AF3EE00DEBED7 /* ViewController.m in Sources */,
				E91DCCE1196C15610002E931 /* PlayerDetailTableViewController.m in Sources */,
				E950C708196AF3EE00DEBED7 /* AppDelegate.m in Sources */,
				E91DCD00196C21050002E931 /* MediaViewController.m in Sources */,
				E996AA3E196D232100713ECC /* PlayerModel.m in Sources */,
				E91DCD06196C323E0002E931 /* MainModel.m in Sources */,
				E950C775196BE9E100DEBED7 /* TeamsTableViewController.m in Sources */,
				E91DCD09196C3B330002E931 /* addTeamViewController.m in Sources */,
				E950C780196BFBAC00DEBED7 /* PlayersTableViewController.m in Sources */,
				E996AA41196D5E8200713ECC /* TeamModel.m in Sources */,
				E950C704196AF3EE00DEBED7 /* main.m in Sources */,
			);
			runOnlyForDeploymentPostprocessing = 0;
		};
		E950C711196AF3EE00DEBED7 /* Sources */ = {
			isa = PBXSourcesBuildPhase;
			buildActionMask = 2147483647;
			files = (
				E950C723196AF3EE00DEBED7 /* StoryTests.m in Sources */,
			);
			runOnlyForDeploymentPostprocessing = 0;
		};
/* End PBXSourcesBuildPhase section */

/* Begin PBXTargetDependency section */
		E950C71B196AF3EE00DEBED7 /* PBXTargetDependency */ = {
			isa = PBXTargetDependency;
			target = E950C6F3196AF3EE00DEBED7 /* Story */;
			targetProxy = E950C71A196AF3EE00DEBED7 /* PBXContainerItemProxy */;
		};
/* End PBXTargetDependency section */

/* Begin PBXVariantGroup section */
		E950C700196AF3EE00DEBED7 /* InfoPlist.strings */ = {
			isa = PBXVariantGroup;
			children = (
				E950C701196AF3EE00DEBED7 /* en */,
			);
			name = InfoPlist.strings;
			sourceTree = "<group>";
		};
		E950C709196AF3EE00DEBED7 /* Main.storyboard */ = {
			isa = PBXVariantGroup;
			children = (
				E950C70A196AF3EE00DEBED7 /* Base */,
			);
			name = Main.storyboard;
			sourceTree = "<group>";
		};
		E950C71F196AF3EE00DEBED7 /* InfoPlist.strings */ = {
			isa = PBXVariantGroup;
			children = (
				E950C720196AF3EE00DEBED7 /* en */,
			);
			name = InfoPlist.strings;
			sourceTree = "<group>";
		};
/* End PBXVariantGroup section */

/* Begin XCBuildConfiguration section */
		E950C724196AF3EE00DEBED7 /* Debug */ = {
			isa = XCBuildConfiguration;
			buildSettings = {
				ALWAYS_SEARCH_USER_PATHS = NO;
				CLANG_CXX_LANGUAGE_STANDARD = "gnu++0x";
				CLANG_CXX_LIBRARY = "libc++";
				CLANG_ENABLE_MODULES = YES;
				CLANG_ENABLE_OBJC_ARC = YES;
				CLANG_WARN_BOOL_CONVERSION = YES;
				CLANG_WARN_CONSTANT_CONVERSION = YES;
				CLANG_WARN_DIRECT_OBJC_ISA_USAGE = YES_ERROR;
				CLANG_WARN_EMPTY_BODY = YES;
				CLANG_WARN_ENUM_CONVERSION = YES;
				CLANG_WARN_INT_CONVERSION = YES;
				CLANG_WARN_OBJC_ROOT_CLASS = YES_ERROR;
				CLANG_WARN__DUPLICATE_METHOD_MATCH = YES;
				"CODE_SIGN_IDENTITY[sdk=iphoneos*]" = "iPhone Developer";
				COPY_PHASE_STRIP = NO;
				GCC_C_LANGUAGE_STANDARD = gnu99;
				GCC_DYNAMIC_NO_PIC = NO;
				GCC_OPTIMIZATION_LEVEL = 0;
				GCC_PREPROCESSOR_DEFINITIONS = (
					"DEBUG=1",
					"$(inherited)",
				);
				GCC_SYMBOLS_PRIVATE_EXTERN = NO;
				GCC_WARN_64_TO_32_BIT_CONVERSION = YES;
				GCC_WARN_ABOUT_RETURN_TYPE = YES_ERROR;
				GCC_WARN_UNDECLARED_SELECTOR = YES;
				GCC_WARN_UNINITIALIZED_AUTOS = YES_AGGRESSIVE;
				GCC_WARN_UNUSED_FUNCTION = YES;
				GCC_WARN_UNUSED_VARIABLE = YES;
				IPHONEOS_DEPLOYMENT_TARGET = 7.1;
				ONLY_ACTIVE_ARCH = YES;
				SDKROOT = iphoneos;
			};
			name = Debug;
		};
		E950C725196AF3EE00DEBED7 /* Release */ = {
			isa = XCBuildConfiguration;
			buildSettings = {
				ALWAYS_SEARCH_USER_PATHS = NO;
				CLANG_CXX_LANGUAGE_STANDARD = "gnu++0x";
				CLANG_CXX_LIBRARY = "libc++";
				CLANG_ENABLE_MODULES = YES;
				CLANG_ENABLE_OBJC_ARC = YES;
				CLANG_WARN_BOOL_CONVERSION = YES;
				CLANG_WARN_CONSTANT_CONVERSION = YES;
				CLANG_WARN_DIRECT_OBJC_ISA_USAGE = YES_ERROR;
				CLANG_WARN_EMPTY_BODY = YES;
				CLANG_WARN_ENUM_CONVERSION = YES;
				CLANG_WARN_INT_CONVERSION = YES;
				CLANG_WARN_OBJC_ROOT_CLASS = YES_ERROR;
				CLANG_WARN__DUPLICATE_METHOD_MATCH = YES;
				"CODE_SIGN_IDENTITY[sdk=iphoneos*]" = "iPhone Developer";
				COPY_PHASE_STRIP = YES;
				ENABLE_NS_ASSERTIONS = NO;
				GCC_C_LANGUAGE_STANDARD = gnu99;
				GCC_WARN_64_TO_32_BIT_CONVERSION = YES;
				GCC_WARN_ABOUT_RETURN_TYPE = YES_ERROR;
				GCC_WARN_UNDECLARED_SELECTOR = YES;
				GCC_WARN_UNINITIALIZED_AUTOS = YES_AGGRESSIVE;
				GCC_WARN_UNUSED_FUNCTION = YES;
				GCC_WARN_UNUSED_VARIABLE = YES;
				IPHONEOS_DEPLOYMENT_TARGET = 7.1;
				SDKROOT = iphoneos;
				VALIDATE_PRODUCT = YES;
			};
			name = Release;
		};
		E950C727196AF3EE00DEBED7 /* Debug */ = {
			isa = XCBuildConfiguration;
			buildSettings = {
				ASSETCATALOG_COMPILER_APPICON_NAME = AppIcon;
				ASSETCATALOG_COMPILER_LAUNCHIMAGE_NAME = LaunchImage;
				GCC_PRECOMPILE_PREFIX_HEADER = YES;
				GCC_PREFIX_HEADER = "Story/Story-Prefix.pch";
				INFOPLIST_FILE = "Story/Story-Info.plist";
				PRODUCT_NAME = "$(TARGET_NAME)";
				WRAPPER_EXTENSION = app;
			};
			name = Debug;
		};
		E950C728196AF3EE00DEBED7 /* Release */ = {
			isa = XCBuildConfiguration;
			buildSettings = {
				ASSETCATALOG_COMPILER_APPICON_NAME = AppIcon;
				ASSETCATALOG_COMPILER_LAUNCHIMAGE_NAME = LaunchImage;
				GCC_PRECOMPILE_PREFIX_HEADER = YES;
				GCC_PREFIX_HEADER = "Story/Story-Prefix.pch";
				INFOPLIST_FILE = "Story/Story-Info.plist";
				PRODUCT_NAME = "$(TARGET_NAME)";
				WRAPPER_EXTENSION = app;
			};
			name = Release;
		};
		E950C72A196AF3EE00DEBED7 /* Debug */ = {
			isa = XCBuildConfiguration;
			buildSettings = {
				BUNDLE_LOADER = "$(BUILT_PRODUCTS_DIR)/Story.app/Story";
				FRAMEWORK_SEARCH_PATHS = (
					"$(SDKROOT)/Developer/Library/Frameworks",
					"$(inherited)",
					"$(DEVELOPER_FRAMEWORKS_DIR)",
				);
				GCC_PRECOMPILE_PREFIX_HEADER = YES;
				GCC_PREFIX_HEADER = "Story/Story-Prefix.pch";
				GCC_PREPROCESSOR_DEFINITIONS = (
					"DEBUG=1",
					"$(inherited)",
				);
				INFOPLIST_FILE = "StoryTests/StoryTests-Info.plist";
				PRODUCT_NAME = "$(TARGET_NAME)";
				TEST_HOST = "$(BUNDLE_LOADER)";
				WRAPPER_EXTENSION = xctest;
			};
			name = Debug;
		};
		E950C72B196AF3EE00DEBED7 /* Release */ = {
			isa = XCBuildConfiguration;
			buildSettings = {
				BUNDLE_LOADER = "$(BUILT_PRODUCTS_DIR)/Story.app/Story";
				FRAMEWORK_SEARCH_PATHS = (
					"$(SDKROOT)/Developer/Library/Frameworks",
					"$(inherited)",
					"$(DEVELOPER_FRAMEWORKS_DIR)",
				);
				GCC_PRECOMPILE_PREFIX_HEADER = YES;
				GCC_PREFIX_HEADER = "Story/Story-Prefix.pch";
				INFOPLIST_FILE = "StoryTests/StoryTests-Info.plist";
				PRODUCT_NAME = "$(TARGET_NAME)";
				TEST_HOST = "$(BUNDLE_LOADER)";
				WRAPPER_EXTENSION = xctest;
			};
			name = Release;
		};
/* End XCBuildConfiguration section */

/* Begin XCConfigurationList section */
		E950C6EF196AF3EE00DEBED7 /* Build configuration list for PBXProject "Story" */ = {
			isa = XCConfigurationList;
			buildConfigurations = (
				E950C724196AF3EE00DEBED7 /* Debug */,
				E950C725196AF3EE00DEBED7 /* Release */,
			);
			defaultConfigurationIsVisible = 0;
			defaultConfigurationName = Release;
		};
		E950C726196AF3EE00DEBED7 /* Build configuration list for PBXNativeTarget "Story" */ = {
			isa = XCConfigurationList;
			buildConfigurations = (
				E950C727196AF3EE00DEBED7 /* Debug */,
				E950C728196AF3EE00DEBED7 /* Release */,
			);
			defaultConfigurationIsVisible = 0;
			defaultConfigurationName = Release;
		};
		E950C729196AF3EE00DEBED7 /* Build configuration list for PBXNativeTarget "StoryTests" */ = {
			isa = XCConfigurationList;
			buildConfigurations = (
				E950C72A196AF3EE00DEBED7 /* Debug */,
				E950C72B196AF3EE00DEBED7 /* Release */,
			);
			defaultConfigurationIsVisible = 0;
			defaultConfigurationName = Release;
		};
/* End XCConfigurationList section */
	};
	rootObject = E950C6EC196AF3EE00DEBED7 /* Project object */;
}
